# @generated by Move, please check-in and do not edit manually.

[move]
version = 2
manifest_digest = "B6E52A232029C335DD7C0F49C902FC178201B4F09C550905167EBF6055F76532"
deps_digest = "F8BBB0CCB2491CA29A3DF03D6F92277A4F3574266507ACD77214D37ECA3F3082"
dependencies = [
  { name = "Sui" },
]

[[move.package]]
name = "MoveStdlib"
source = { git = "https://github.com/MystenLabs/sui.git", rev = "framework/testnet", subdir = "crates/sui-framework/packages/move-stdlib" }

[[move.package]]
name = "Sui"
source = { git = "https://github.com/MystenLabs/sui.git", rev = "framework/testnet", subdir = "crates/sui-framework/packages/sui-framework" }

dependencies = [
  { name = "MoveStdlib" },
]

[move.toolchain-version]
compiler-version = "1.27.0"
edition = "2024.beta"
flavor = "sui"

[env]

[env.testnet]
chain-id = "4c78adac"
original-published-id = "0xb11539ee125d7c0cc92eac6276231dab27c03fe44677d7d23785960d81d755c8"
latest-published-id = "0xb11539ee125d7c0cc92eac6276231dab27c03fe44677d7d23785960d81d755c8"
published-version = "1"
