# @generated by Move, please check-in and do not edit manually.

[move]
version = 2
manifest_digest = "14376F9398C277E8DB7B7F5D5C494149BCA7FB5077E7151787DE7D0D1B548258"
deps_digest = "F8BBB0CCB2491CA29A3DF03D6F92277A4F3574266507ACD77214D37ECA3F3082"
dependencies = [
  { name = "Sui" },
]

[[move.package]]
name = "MoveStdlib"
source = { git = "https://github.com/MystenLabs/sui.git", rev = "framework/testnet", subdir = "crates/sui-framework/packages/move-stdlib" }

[[move.package]]
name = "Sui"
source = { git = "https://github.com/MystenLabs/sui.git", rev = "framework/testnet", subdir = "crates/sui-framework/packages/sui-framework" }

dependencies = [
  { name = "MoveStdlib" },
]

[move.toolchain-version]
compiler-version = "1.27.0"
edition = "2024.beta"
flavor = "sui"

[env]

[env.testnet]
chain-id = "4c78adac"
original-published-id = "0xc6f3eccaa7b03c79bad6fd5a4093a42510cea5922862301532e6c1a53bf701f8"
latest-published-id = "0xc6f3eccaa7b03c79bad6fd5a4093a42510cea5922862301532e6c1a53bf701f8"
published-version = "1"
